
Microsoft Visual Studio Solution File, Format Version 12.00
# Visual Studio 15
VisualStudioVersion = 15.0.28010.2026
MinimumVisualStudioVersion = 10.0.40219.1
Project("{FAE04EC0-301F-11D3-BF4B-00C04F79EFBC}") = "ColatzSequence", "ColatzSequence\ColatzSequence.csproj", "{343F19D1-645F-420F-B7DB-7C10A23B7E6C}"
EndProject
Global
	GlobalSection(SolutionConfigurationPlatforms) = preSolution
		Debug|Any CPU = Debug|Any CPU
		Release|Any CPU = Release|Any CPU
	EndGlobalSection
	GlobalSection(ProjectConfigurationPlatforms) = postSolution
		{343F19D1-645F-420F-B7DB-7C10A23B7E6C}.Debug|Any CPU.ActiveCfg = Debug|Any CPU
		{343F19D1-645F-420F-B7DB-7C10A23B7E6C}.Debug|Any CPU.Build.0 = Debug|Any CPU
		{343F19D1-645F-420F-B7DB-7C10A23B7E6C}.Release|Any CPU.ActiveCfg = Release|Any CPU
		{343F19D1-645F-420F-B7DB-7C10A23B7E6C}.Release|Any CPU.Build.0 = Release|Any CPU
	EndGlobalSection
	GlobalSection(SolutionProperties) = preSolution
		HideSolutionNode = FALSE
	EndGlobalSection
	GlobalSection(ExtensibilityGlobals) = postSolution
		SolutionGuid = {E671E987-A2B1-4657-A109-D565076353D0}
	EndGlobalSection
EndGlobal
