
Microsoft Visual Studio Solution File, Format Version 12.00
# Visual Studio 14
VisualStudioVersion = 14.0.24720.0
MinimumVisualStudioVersion = 10.0.40219.1
Project("{FAE04EC0-301F-11D3-BF4B-00C04F79EFBC}") = "Alignment", "Alignment\Alignment.csproj", "{FD3520F3-11CE-4EEF-910D-5FF8B8FBF4BF}"
EndProject
Global
	GlobalSection(SolutionConfigurationPlatforms) = preSolution
		Debug|Any CPU = Debug|Any CPU
		Release|Any CPU = Release|Any CPU
	EndGlobalSection
	GlobalSection(ProjectConfigurationPlatforms) = postSolution
		{FD3520F3-11CE-4EEF-910D-5FF8B8FBF4BF}.Debug|Any CPU.ActiveCfg = Debug|Any CPU
		{FD3520F3-11CE-4EEF-910D-5FF8B8FBF4BF}.Debug|Any CPU.Build.0 = Debug|Any CPU
		{FD3520F3-11CE-4EEF-910D-5FF8B8FBF4BF}.Release|Any CPU.ActiveCfg = Release|Any CPU
		{FD3520F3-11CE-4EEF-910D-5FF8B8FBF4BF}.Release|Any CPU.Build.0 = Release|Any CPU
	EndGlobalSection
	GlobalSection(SolutionProperties) = preSolution
		HideSolutionNode = FALSE
	EndGlobalSection
EndGlobal
