
Microsoft Visual Studio Solution File, Format Version 12.00
# Visual Studio 15
VisualStudioVersion = 15.0.28010.2048
MinimumVisualStudioVersion = 10.0.40219.1
Project("{FAE04EC0-301F-11D3-BF4B-00C04F79EFBC}") = "Flight", "Flight\Flight.csproj", "{89915ACE-B1E9-4502-BD83-96248EE04EE8}"
EndProject
Global
	GlobalSection(SolutionConfigurationPlatforms) = preSolution
		Debug|Any CPU = Debug|Any CPU
		Release|Any CPU = Release|Any CPU
	EndGlobalSection
	GlobalSection(ProjectConfigurationPlatforms) = postSolution
		{89915ACE-B1E9-4502-BD83-96248EE04EE8}.Debug|Any CPU.ActiveCfg = Debug|Any CPU
		{89915ACE-B1E9-4502-BD83-96248EE04EE8}.Debug|Any CPU.Build.0 = Debug|Any CPU
		{89915ACE-B1E9-4502-BD83-96248EE04EE8}.Release|Any CPU.ActiveCfg = Release|Any CPU
		{89915ACE-B1E9-4502-BD83-96248EE04EE8}.Release|Any CPU.Build.0 = Release|Any CPU
	EndGlobalSection
	GlobalSection(SolutionProperties) = preSolution
		HideSolutionNode = FALSE
	EndGlobalSection
	GlobalSection(ExtensibilityGlobals) = postSolution
		SolutionGuid = {41D300D5-1765-4425-BB75-B64786C1D18E}
	EndGlobalSection
EndGlobal
